// !$*UTF8*$!
{
	archiveVersion = 1;
	classes = {
	};
	objectVersion = 46;
	objects = {

/* Begin PBXBuildFile section */
		2EC9A36916DEB220007E39E2 /* UIKit.framework in Frameworks */ = {isa = PBXBuildFile; fileRef = 2EC9A36816DEB220007E39E2 /* UIKit.framework */; };
		2EC9A36B16DEB220007E39E2 /* Foundation.framework in Frameworks */ = {isa = PBXBuildFile; fileRef = 2EC9A36A16DEB220007E39E2 /* Foundation.framework */; };
		2EC9A36D16DEB220007E39E2 /* CoreGraphics.framework in Frameworks */ = {isa = PBXBuildFile; fileRef = 2EC9A36C16DEB220007E39E2 /* CoreGraphics.framework */; };
		2EC9A37316DEB220007E39E2 /* InfoPlist.strings in Resources */ = {isa = PBXBuildFile; fileRef = 2EC9A37116DEB220007E39E2 /* InfoPlist.strings */; };
		2EC9A37516DEB220007E39E2 /* main.m in Sources */ = {isa = PBXBuildFile; fileRef = 2EC9A37416DEB220007E39E2 /* main.m */; };
		2EC9A37916DEB220007E39E2 /* AppDelegate.m in Sources */ = {isa = PBXBuildFile; fileRef = 2EC9A37816DEB220007E39E2 /* AppDelegate.m */; };
		2EC9A37B16DEB220007E39E2 /* Default.png in Resources */ = {isa = PBXBuildFile; fileRef = 2EC9A37A16DEB220007E39E2 /* Default.png */; };
		2EC9A37D16DEB220007E39E2 /* Default@2x.png in Resources */ = {isa = PBXBuildFile; fileRef = 2EC9A37C16DEB220007E39E2 /* Default@2x.png */; };
		2EC9A37F16DEB220007E39E2 /* Default-568h@2x.png in Resources */ = {isa = PBXBuildFile; fileRef = 2EC9A37E16DEB220007E39E2 /* Default-568h@2x.png */; };
		2EC9A38216DEB220007E39E2 /* ViewController.m in Sources */ = {isa = PBXBuildFile; fileRef = 2EC9A38116DEB220007E39E2 /* ViewController.m */; };
		2EC9A38516DEB220007E39E2 /* ViewController_iPhone.xib in Resources */ = {isa = PBXBuildFile; fileRef = 2EC9A38316DEB220007E39E2 /* ViewController_iPhone.xib */; };
		2EC9A38816DEB220007E39E2 /* ViewController_iPad.xib in Resources */ = {isa = PBXBuildFile; fileRef = 2EC9A38616DEB220007E39E2 /* ViewController_iPad.xib */; };
		2EC9A39016DEB221007E39E2 /* SenTestingKit.framework in Frameworks */ = {isa = PBXBuildFile; fileRef = 2EC9A38F16DEB221007E39E2 /* SenTestingKit.framework */; };
		2EC9A39116DEB221007E39E2 /* UIKit.framework in Frameworks */ = {isa = PBXBuildFile; fileRef = 2EC9A36816DEB220007E39E2 /* UIKit.framework */; };
		2EC9A39216DEB221007E39E2 /* Foundation.framework in Frameworks */ = {isa = PBXBuildFile; fileRef = 2EC9A36A16DEB220007E39E2 /* Foundation.framework */; };
		2EC9A39A16DEB221007E39E2 /* InfoPlist.strings in Resources */ = {isa = PBXBuildFile; fileRef = 2EC9A39816DEB221007E39E2 /* InfoPlist.strings */; };
		2EC9A39D16DEB221007E39E2 /* iAdPlusAdMobTests.m in Sources */ = {isa = PBXBuildFile; fileRef = 2EC9A39C16DEB221007E39E2 /* iAdPlusAdMobTests.m */; };
		2EC9A3B816DEB24A007E39E2 /* libGoogleAdMobAds.a in Frameworks */ = {isa = PBXBuildFile; fileRef = 2EC9A3B116DEB24A007E39E2 /* libGoogleAdMobAds.a */; };
		2EC9A3BA16DEB24A007E39E2 /* AdBannerController.m in Sources */ = {isa = PBXBuildFile; fileRef = 2EC9A3B516DEB24A007E39E2 /* AdBannerController.m */; };
		2EC9A3BB16DEB24A007E39E2 /* AdViewController.m in Sources */ = {isa = PBXBuildFile; fileRef = 2EC9A3B716DEB24A007E39E2 /* AdViewController.m */; };
		2EC9A3BD16DEB2AF007E39E2 /* AdSupport.framework in Frameworks */ = {isa = PBXBuildFile; fileRef = 2EC9A3BC16DEB2AF007E39E2 /* AdSupport.framework */; };
		2EC9A3BF16DEB2B6007E39E2 /* iAd.framework in Frameworks */ = {isa = PBXBuildFile; fileRef = 2EC9A3BE16DEB2B6007E39E2 /* iAd.framework */; };
		2EC9A3C116DEB2C8007E39E2 /* StoreKit.framework in Frameworks */ = {isa = PBXBuildFile; fileRef = 2EC9A3C016DEB2C8007E39E2 /* StoreKit.framework */; };
		2EC9A3C316DEB2DA007E39E2 /* MessageUI.framework in Frameworks */ = {isa = PBXBuildFile; fileRef = 2EC9A3C216DEB2DA007E39E2 /* MessageUI.framework */; };
		2EC9A3C516DEB2DF007E39E2 /* AudioToolbox.framework in Frameworks */ = {isa = PBXBuildFile; fileRef = 2EC9A3C416DEB2DF007E39E2 /* AudioToolbox.framework */; };
		2EC9A3C716DEB302007E39E2 /* SystemConfiguration.framework in Frameworks */ = {isa = PBXBuildFile; fileRef = 2EC9A3C616DEB302007E39E2 /* SystemConfiguration.framework */; };
/* End PBXBuildFile section */

/* Begin PBXContainerItemProxy section */
		2EC9A39316DEB221007E39E2 /* PBXContainerItemProxy */ = {
			isa = PBXContainerItemProxy;
			containerPortal = 2EC9A35B16DEB220007E39E2 /* Project object */;
			proxyType = 1;
			remoteGlobalIDString = 2EC9A36316DEB220007E39E2;
			remoteInfo = iAdPlusAdMob;
		};
/* End PBXContainerItemProxy section */

/* Begin PBXFileReference section */
		2EC9A36416DEB220007E39E2 /* iAdPlusAdMob.app */ = {isa = PBXFileReference; explicitFileType = wrapper.application; includeInIndex = 0; path = iAdPlusAdMob.app; sourceTree = BUILT_PRODUCTS_DIR; };
		2EC9A36816DEB220007E39E2 /* UIKit.framework */ = {isa = PBXFileReference; lastKnownFileType = wrapper.framework; name = UIKit.framework; path = System/Library/Frameworks/UIKit.framework; sourceTree = SDKROOT; };
		2EC9A36A16DEB220007E39E2 /* Foundation.framework */ = {isa = PBXFileReference; lastKnownFileType = wrapper.framework; name = Foundation.framework; path = System/Library/Frameworks/Foundation.framework; sourceTree = SDKROOT; };
		2EC9A36C16DEB220007E39E2 /* CoreGraphics.framework */ = {isa = PBXFileReference; lastKnownFileType = wrapper.framework; name = CoreGraphics.framework; path = System/Library/Frameworks/CoreGraphics.framework; sourceTree = SDKROOT; };
		2EC9A37016DEB220007E39E2 /* iAdPlusAdMob-Info.plist */ = {isa = PBXFileReference; lastKnownFileType = text.plist.xml; path = "iAdPlusAdMob-Info.plist"; sourceTree = "<group>"; };
		2EC9A37216DEB220007E39E2 /* en */ = {isa = PBXFileReference; lastKnownFileType = text.plist.strings; name = en; path = en.lproj/InfoPlist.strings; sourceTree = "<group>"; };
		2EC9A37416DEB220007E39E2 /* main.m */ = {isa = PBXFileReference; lastKnownFileType = sourcecode.c.objc; path = main.m; sourceTree = "<group>"; };
		2EC9A37616DEB220007E39E2 /* iAdPlusAdMob-Prefix.pch */ = {isa = PBXFileReference; lastKnownFileType = sourcecode.c.h; path = "iAdPlusAdMob-Prefix.pch"; sourceTree = "<group>"; };
		2EC9A37716DEB220007E39E2 /* AppDelegate.h */ = {isa = PBXFileReference; lastKnownFileType = sourcecode.c.h; path = AppDelegate.h; sourceTree = "<group>"; };
		2EC9A37816DEB220007E39E2 /* AppDelegate.m */ = {isa = PBXFileReference; lastKnownFileType = sourcecode.c.objc; path = AppDelegate.m; sourceTree = "<group>"; };
		2EC9A37A16DEB220007E39E2 /* Default.png */ = {isa = PBXFileReference; lastKnownFileType = image.png; path = Default.png; sourceTree = "<group>"; };
		2EC9A37C16DEB220007E39E2 /* Default@2x.png */ = {isa = PBXFileReference; lastKnownFileType = image.png; path = "Default@2x.png"; sourceTree = "<group>"; };
		2EC9A37E16DEB220007E39E2 /* Default-568h@2x.png */ = {isa = PBXFileReference; lastKnownFileType = image.png; path = "Default-568h@2x.png"; sourceTree = "<group>"; };
		2EC9A38016DEB220007E39E2 /* ViewController.h */ = {isa = PBXFileReference; lastKnownFileType = sourcecode.c.h; path = ViewController.h; sourceTree = "<group>"; };
		2EC9A38116DEB220007E39E2 /* ViewController.m */ = {isa = PBXFileReference; lastKnownFileType = sourcecode.c.objc; path = ViewController.m; sourceTree = "<group>"; };
		2EC9A38416DEB220007E39E2 /* en */ = {isa = PBXFileReference; lastKnownFileType = file.xib; name = en; path = en.lproj/ViewController_iPhone.xib; sourceTree = "<group>"; };
		2EC9A38716DEB220007E39E2 /* en */ = {isa = PBXFileReference; lastKnownFileType = file.xib; name = en; path = en.lproj/ViewController_iPad.xib; sourceTree = "<group>"; };
		2EC9A38E16DEB221007E39E2 /* iAdPlusAdMobTests.octest */ = {isa = PBXFileReference; explicitFileType = wrapper.cfbundle; includeInIndex = 0; path = iAdPlusAdMobTests.octest; sourceTree = BUILT_PRODUCTS_DIR; };
		2EC9A38F16DEB221007E39E2 /* SenTestingKit.framework */ = {isa = PBXFileReference; lastKnownFileType = wrapper.framework; name = SenTestingKit.framework; path = Library/Frameworks/SenTestingKit.framework; sourceTree = DEVELOPER_DIR; };
		2EC9A39716DEB221007E39E2 /* iAdPlusAdMobTests-Info.plist */ = {isa = PBXFileReference; lastKnownFileType = text.plist.xml; path = "iAdPlusAdMobTests-Info.plist"; sourceTree = "<group>"; };
		2EC9A39916DEB221007E39E2 /* en */ = {isa = PBXFileReference; lastKnownFileType = text.plist.strings; name = en; path = en.lproj/InfoPlist.strings; sourceTree = "<group>"; };
		2EC9A39B16DEB221007E39E2 /* iAdPlusAdMobTests.h */ = {isa = PBXFileReference; lastKnownFileType = sourcecode.c.h; path = iAdPlusAdMobTests.h; sourceTree = "<group>"; };
		2EC9A39C16DEB221007E39E2 /* iAdPlusAdMobTests.m */ = {isa = PBXFileReference; lastKnownFileType = sourcecode.c.objc; path = iAdPlusAdMobTests.m; sourceTree = "<group>"; };
		2EC9A3A816DEB24A007E39E2 /* GADAdMobExtras.h */ = {isa = PBXFileReference; fileEncoding = 4; lastKnownFileType = sourcecode.c.h; path = GADAdMobExtras.h; sourceTree = "<group>"; };
		2EC9A3A916DEB24A007E39E2 /* GADAdNetworkExtras.h */ = {isa = PBXFileReference; fileEncoding = 4; lastKnownFileType = sourcecode.c.h; path = GADAdNetworkExtras.h; sourceTree = "<group>"; };
		2EC9A3AA16DEB24A007E39E2 /* GADAdSize.h */ = {isa = PBXFileReference; fileEncoding = 4; lastKnownFileType = sourcecode.c.h; path = GADAdSize.h; sourceTree = "<group>"; };
		2EC9A3AB16DEB24A007E39E2 /* GADBannerView.h */ = {isa = PBXFileReference; fileEncoding = 4; lastKnownFileType = sourcecode.c.h; path = GADBannerView.h; sourceTree = "<group>"; };
		2EC9A3AC16DEB24A007E39E2 /* GADBannerViewDelegate.h */ = {isa = PBXFileReference; fileEncoding = 4; lastKnownFileType = sourcecode.c.h; path = GADBannerViewDelegate.h; sourceTree = "<group>"; };
		2EC9A3AD16DEB24A007E39E2 /* GADInterstitial.h */ = {isa = PBXFileReference; fileEncoding = 4; lastKnownFileType = sourcecode.c.h; path = GADInterstitial.h; sourceTree = "<group>"; };
		2EC9A3AE16DEB24A007E39E2 /* GADInterstitialDelegate.h */ = {isa = PBXFileReference; fileEncoding = 4; lastKnownFileType = sourcecode.c.h; path = GADInterstitialDelegate.h; sourceTree = "<group>"; };
		2EC9A3AF16DEB24A007E39E2 /* GADRequest.h */ = {isa = PBXFileReference; fileEncoding = 4; lastKnownFileType = sourcecode.c.h; path = GADRequest.h; sourceTree = "<group>"; };
		2EC9A3B016DEB24A007E39E2 /* GADRequestError.h */ = {isa = PBXFileReference; fileEncoding = 4; lastKnownFileType = sourcecode.c.h; path = GADRequestError.h; sourceTree = "<group>"; };
		2EC9A3B116DEB24A007E39E2 /* libGoogleAdMobAds.a */ = {isa = PBXFileReference; lastKnownFileType = archive.ar; path = libGoogleAdMobAds.a; sourceTree = "<group>"; };
		2EC9A3B216DEB24A007E39E2 /* README.txt */ = {isa = PBXFileReference; fileEncoding = 4; lastKnownFileType = text; path = README.txt; sourceTree = "<group>"; };
		2EC9A3B416DEB24A007E39E2 /* AdBannerController.h */ = {isa = PBXFileReference; fileEncoding = 4; lastKnownFileType = sourcecode.c.h; path = AdBannerController.h; sourceTree = "<group>"; };
		2EC9A3B516DEB24A007E39E2 /* AdBannerController.m */ = {isa = PBXFileReference; fileEncoding = 4; lastKnownFileType = sourcecode.c.objc; path = AdBannerController.m; sourceTree = "<group>"; };
		2EC9A3B616DEB24A007E39E2 /* AdViewController.h */ = {isa = PBXFileReference; fileEncoding = 4; lastKnownFileType = sourcecode.c.h; path = AdViewController.h; sourceTree = "<group>"; };
		2EC9A3B716DEB24A007E39E2 /* AdViewController.m */ = {isa = PBXFileReference; fileEncoding = 4; lastKnownFileType = sourcecode.c.objc; path = AdViewController.m; sourceTree = "<group>"; };
		2EC9A3BC16DEB2AF007E39E2 /* AdSupport.framework */ = {isa = PBXFileReference; lastKnownFileType = wrapper.framework; name = AdSupport.framework; path = System/Library/Frameworks/AdSupport.framework; sourceTree = SDKROOT; };
		2EC9A3BE16DEB2B6007E39E2 /* iAd.framework */ = {isa = PBXFileReference; lastKnownFileType = wrapper.framework; name = iAd.framework; path = System/Library/Frameworks/iAd.framework; sourceTree = SDKROOT; };
		2EC9A3C016DEB2C8007E39E2 /* StoreKit.framework */ = {isa = PBXFileReference; lastKnownFileType = wrapper.framework; name = StoreKit.framework; path = System/Library/Frameworks/StoreKit.framework; sourceTree = SDKROOT; };
		2EC9A3C216DEB2DA007E39E2 /* MessageUI.framework */ = {isa = PBXFileReference; lastKnownFileType = wrapper.framework; name = MessageUI.framework; path = System/Library/Frameworks/MessageUI.framework; sourceTree = SDKROOT; };
		2EC9A3C416DEB2DF007E39E2 /* AudioToolbox.framework */ = {isa = PBXFileReference; lastKnownFileType = wrapper.framework; name = AudioToolbox.framework; path = System/Library/Frameworks/AudioToolbox.framework; sourceTree = SDKROOT; };
		2EC9A3C616DEB302007E39E2 /* SystemConfiguration.framework */ = {isa = PBXFileReference; lastKnownFileType = wrapper.framework; name = SystemConfiguration.framework; path = System/Library/Frameworks/SystemConfiguration.framework; sourceTree = SDKROOT; };
/* End PBXFileReference section */

/* Begin PBXFrameworksBuildPhase section */
		2EC9A36116DEB220007E39E2 /* Frameworks */ = {
			isa = PBXFrameworksBuildPhase;
			buildActionMask = 2147483647;
			files = (
				2EC9A3C716DEB302007E39E2 /* SystemConfiguration.framework in Frameworks */,
				2EC9A3C516DEB2DF007E39E2 /* AudioToolbox.framework in Frameworks */,
				2EC9A3C316DEB2DA007E39E2 /* MessageUI.framework in Frameworks */,
				2EC9A3C116DEB2C8007E39E2 /* StoreKit.framework in Frameworks */,
				2EC9A3BF16DEB2B6007E39E2 /* iAd.framework in Frameworks */,
				2EC9A3BD16DEB2AF007E39E2 /* AdSupport.framework in Frameworks */,
				2EC9A36916DEB220007E39E2 /* UIKit.framework in Frameworks */,
				2EC9A36B16DEB220007E39E2 /* Foundation.framework in Frameworks */,
				2EC9A36D16DEB220007E39E2 /* CoreGraphics.framework in Frameworks */,
				2EC9A3B816DEB24A007E39E2 /* libGoogleAdMobAds.a in Frameworks */,
			);
			runOnlyForDeploymentPostprocessing = 0;
		};
		2EC9A38A16DEB221007E39E2 /* Frameworks */ = {
			isa = PBXFrameworksBuildPhase;
			buildActionMask = 2147483647;
			files = (
				2EC9A39016DEB221007E39E2 /* SenTestingKit.framework in Frameworks */,
				2EC9A39116DEB221007E39E2 /* UIKit.framework in Frameworks */,
				2EC9A39216DEB221007E39E2 /* Foundation.framework in Frameworks */,
			);
			runOnlyForDeploymentPostprocessing = 0;
		};
/* End PBXFrameworksBuildPhase section */

/* Begin PBXGroup section */
		2EC9A35916DEB220007E39E2 = {
			isa = PBXGroup;
			children = (
				2EC9A36E16DEB220007E39E2 /* iAdPlusAdMob */,
				2EC9A39516DEB221007E39E2 /* iAdPlusAdMobTests */,
				2EC9A3A616DEB237007E39E2 /* Libraries */,
				2EC9A36716DEB220007E39E2 /* Frameworks */,
				2EC9A36516DEB220007E39E2 /* Products */,
			);
			sourceTree = "<group>";
		};
		2EC9A36516DEB220007E39E2 /* Products */ = {
			isa = PBXGroup;
			children = (
				2EC9A36416DEB220007E39E2 /* iAdPlusAdMob.app */,
				2EC9A38E16DEB221007E39E2 /* iAdPlusAdMobTests.octest */,
			);
			name = Products;
			sourceTree = "<group>";
		};
		2EC9A36716DEB220007E39E2 /* Frameworks */ = {
			isa = PBXGroup;
			children = (
				2EC9A3C616DEB302007E39E2 /* SystemConfiguration.framework */,
				2EC9A3C416DEB2DF007E39E2 /* AudioToolbox.framework */,
				2EC9A3C216DEB2DA007E39E2 /* MessageUI.framework */,
				2EC9A3C016DEB2C8007E39E2 /* StoreKit.framework */,
				2EC9A3BE16DEB2B6007E39E2 /* iAd.framework */,
				2EC9A3BC16DEB2AF007E39E2 /* AdSupport.framework */,
				2EC9A36816DEB220007E39E2 /* UIKit.framework */,
				2EC9A36A16DEB220007E39E2 /* Foundation.framework */,
				2EC9A36C16DEB220007E39E2 /* CoreGraphics.framework */,
				2EC9A38F16DEB221007E39E2 /* SenTestingKit.framework */,
			);
			name = Frameworks;
			sourceTree = "<group>";
		};
		2EC9A36E16DEB220007E39E2 /* iAdPlusAdMob */ = {
			isa = PBXGroup;
			children = (
				2EC9A37716DEB220007E39E2 /* AppDelegate.h */,
				2EC9A37816DEB220007E39E2 /* AppDelegate.m */,
				2EC9A38016DEB220007E39E2 /* ViewController.h */,
				2EC9A38116DEB220007E39E2 /* ViewController.m */,
				2EC9A38316DEB220007E39E2 /* ViewController_iPhone.xib */,
				2EC9A38616DEB220007E39E2 /* ViewController_iPad.xib */,
				2EC9A36F16DEB220007E39E2 /* Supporting Files */,
			);
			path = iAdPlusAdMob;
			sourceTree = "<group>";
		};
		2EC9A36F16DEB220007E39E2 /* Supporting Files */ = {
			isa = PBXGroup;
			children = (
				2EC9A37016DEB220007E39E2 /* iAdPlusAdMob-Info.plist */,
				2EC9A37116DEB220007E39E2 /* InfoPlist.strings */,
				2EC9A37416DEB220007E39E2 /* main.m */,
				2EC9A37616DEB220007E39E2 /* iAdPlusAdMob-Prefix.pch */,
				2EC9A37A16DEB220007E39E2 /* Default.png */,
				2EC9A37C16DEB220007E39E2 /* Default@2x.png */,
				2EC9A37E16DEB220007E39E2 /* Default-568h@2x.png */,
			);
			name = "Supporting Files";
			sourceTree = "<group>";
		};
		2EC9A39516DEB221007E39E2 /* iAdPlusAdMobTests */ = {
			isa = PBXGroup;
			children = (
				2EC9A39B16DEB221007E39E2 /* iAdPlusAdMobTests.h */,
				2EC9A39C16DEB221007E39E2 /* iAdPlusAdMobTests.m */,
				2EC9A39616DEB221007E39E2 /* Supporting Files */,
			);
			path = iAdPlusAdMobTests;
			sourceTree = "<group>";
		};
		2EC9A39616DEB221007E39E2 /* Supporting Files */ = {
			isa = PBXGroup;
			children = (
				2EC9A39716DEB221007E39E2 /* iAdPlusAdMobTests-Info.plist */,
				2EC9A39816DEB221007E39E2 /* InfoPlist.strings */,
			);
			name = "Supporting Files";
			sourceTree = "<group>";
		};
		2EC9A3A616DEB237007E39E2 /* Libraries */ = {
			isa = PBXGroup;
			children = (
				2EC9A3A716DEB24A007E39E2 /* GoogleAdMobAdsSdkiOS-6.3.0 */,
				2EC9A3B316DEB24A007E39E2 /* iAdPlusAdMob */,
			);
			name = Libraries;
			sourceTree = "<group>";
		};
		2EC9A3A716DEB24A007E39E2 /* GoogleAdMobAdsSdkiOS-6.3.0 */ = {
			isa = PBXGroup;
			children = (
				2EC9A3A816DEB24A007E39E2 /* GADAdMobExtras.h */,
				2EC9A3A916DEB24A007E39E2 /* GADAdNetworkExtras.h */,
				2EC9A3AA16DEB24A007E39E2 /* GADAdSize.h */,
				2EC9A3AB16DEB24A007E39E2 /* GADBannerView.h */,
				2EC9A3AC16DEB24A007E39E2 /* GADBannerViewDelegate.h */,
				2EC9A3AD16DEB24A007E39E2 /* GADInterstitial.h */,
				2EC9A3AE16DEB24A007E39E2 /* GADInterstitialDelegate.h */,
				2EC9A3AF16DEB24A007E39E2 /* GADRequest.h */,
				2EC9A3B016DEB24A007E39E2 /* GADRequestError.h */,
				2EC9A3B116DEB24A007E39E2 /* libGoogleAdMobAds.a */,
				2EC9A3B216DEB24A007E39E2 /* README.txt */,
			);
			name = "GoogleAdMobAdsSdkiOS-6.3.0";
			path = "../../GoogleAdMobAdsSdkiOS-6.3.0";
			sourceTree = "<group>";
		};
		2EC9A3B316DEB24A007E39E2 /* iAdPlusAdMob */ = {
			isa = PBXGroup;
			children = (
				2EC9A3B416DEB24A007E39E2 /* AdBannerController.h */,
				2EC9A3B516DEB24A007E39E2 /* AdBannerController.m */,
				2EC9A3B616DEB24A007E39E2 /* AdViewController.h */,
				2EC9A3B716DEB24A007E39E2 /* AdViewController.m */,
			);
			name = iAdPlusAdMob;
			path = ../../iAdPlusAdMob;
			sourceTree = "<group>";
		};
/* End PBXGroup section */

/* Begin PBXNativeTarget section */
		2EC9A36316DEB220007E39E2 /* iAdPlusAdMob */ = {
			isa = PBXNativeTarget;
			buildConfigurationList = 2EC9A3A016DEB221007E39E2 /* Build configuration list for PBXNativeTarget "iAdPlusAdMob" */;
			buildPhases = (
				2EC9A36016DEB220007E39E2 /* Sources */,
				2EC9A36116DEB220007E39E2 /* Frameworks */,
				2EC9A36216DEB220007E39E2 /* Resources */,
			);
			buildRules = (
			);
			dependencies = (
			);
			name = iAdPlusAdMob;
			productName = iAdPlusAdMob;
			productReference = 2EC9A36416DEB220007E39E2 /* iAdPlusAdMob.app */;
			productType = "com.apple.product-type.application";
		};
		2EC9A38D16DEB221007E39E2 /* iAdPlusAdMobTests */ = {
			isa = PBXNativeTarget;
			buildConfigurationList = 2EC9A3A316DEB221007E39E2 /* Build configuration list for PBXNativeTarget "iAdPlusAdMobTests" */;
			buildPhases = (
				2EC9A38916DEB221007E39E2 /* Sources */,
				2EC9A38A16DEB221007E39E2 /* Frameworks */,
				2EC9A38B16DEB221007E39E2 /* Resources */,
				2EC9A38C16DEB221007E39E2 /* ShellScript */,
			);
			buildRules = (
			);
			dependencies = (
				2EC9A39416DEB221007E39E2 /* PBXTargetDependency */,
			);
			name = iAdPlusAdMobTests;
			productName = iAdPlusAdMobTests;
			productReference = 2EC9A38E16DEB221007E39E2 /* iAdPlusAdMobTests.octest */;
			productType = "com.apple.product-type.bundle";
		};
/* End PBXNativeTarget section */

/* Begin PBXProject section */
		2EC9A35B16DEB220007E39E2 /* Project object */ = {
			isa = PBXProject;
			attributes = {
				LastUpgradeCheck = 0450;
				ORGANIZATIONNAME = Software101;
			};
			buildConfigurationList = 2EC9A35E16DEB220007E39E2 /* Build configuration list for PBXProject "iAdPlusAdMob" */;
			compatibilityVersion = "Xcode 3.2";
			developmentRegion = English;
			hasScannedForEncodings = 0;
			knownRegions = (
				en,
			);
			mainGroup = 2EC9A35916DEB220007E39E2;
			productRefGroup = 2EC9A36516DEB220007E39E2 /* Products */;
			projectDirPath = "";
			projectRoot = "";
			targets = (
				2EC9A36316DEB220007E39E2 /* iAdPlusAdMob */,
				2EC9A38D16DEB221007E39E2 /* iAdPlusAdMobTests */,
			);
		};
/* End PBXProject section */

/* Begin PBXResourcesBuildPhase section */
		2EC9A36216DEB220007E39E2 /* Resources */ = {
			isa = PBXResourcesBuildPhase;
			buildActionMask = 2147483647;
			files = (
				2EC9A37316DEB220007E39E2 /* InfoPlist.strings in Resources */,
				2EC9A37B16DEB220007E39E2 /* Default.png in Resources */,
				2EC9A37D16DEB220007E39E2 /* Default@2x.png in Resources */,
				2EC9A37F16DEB220007E39E2 /* Default-568h@2x.png in Resources */,
				2EC9A38516DEB220007E39E2 /* ViewController_iPhone.xib in Resources */,
				2EC9A38816DEB220007E39E2 /* ViewController_iPad.xib in Resources */,
			);
			runOnlyForDeploymentPostprocessing = 0;
		};
		2EC9A38B16DEB221007E39E2 /* Resources */ = {
			isa = PBXResourcesBuildPhase;
			buildActionMask = 2147483647;
			files = (
				2EC9A39A16DEB221007E39E2 /* InfoPlist.strings in Resources */,
			);
			runOnlyForDeploymentPostprocessing = 0;
		};
/* End PBXResourcesBuildPhase section */

/* Begin PBXShellScriptBuildPhase section */
		2EC9A38C16DEB221007E39E2 /* ShellScript */ = {
			isa = PBXShellScriptBuildPhase;
			buildActionMask = 2147483647;
			files = (
			);
			inputPaths = (
			);
			outputPaths = (
			);
			runOnlyForDeploymentPostprocessing = 0;
			shellPath = /bin/sh;
			shellScript = "# Run the unit tests in this test bundle.\n\"${SYSTEM_DEVELOPER_DIR}/Tools/RunUnitTests\"\n";
		};
/* End PBXShellScriptBuildPhase section */

/* Begin PBXSourcesBuildPhase section */
		2EC9A36016DEB220007E39E2 /* Sources */ = {
			isa = PBXSourcesBuildPhase;
			buildActionMask = 2147483647;
			files = (
				2EC9A37516DEB220007E39E2 /* main.m in Sources */,
				2EC9A37916DEB220007E39E2 /* AppDelegate.m in Sources */,
				2EC9A38216DEB220007E39E2 /* ViewController.m in Sources */,
				2EC9A3BA16DEB24A007E39E2 /* AdBannerController.m in Sources */,
				2EC9A3BB16DEB24A007E39E2 /* AdViewController.m in Sources */,
			);
			runOnlyForDeploymentPostprocessing = 0;
		};
		2EC9A38916DEB221007E39E2 /* Sources */ = {
			isa = PBXSourcesBuildPhase;
			buildActionMask = 2147483647;
			files = (
				2EC9A39D16DEB221007E39E2 /* iAdPlusAdMobTests.m in Sources */,
			);
			runOnlyForDeploymentPostprocessing = 0;
		};
/* End PBXSourcesBuildPhase section */

/* Begin PBXTargetDependency section */
		2EC9A39416DEB221007E39E2 /* PBXTargetDependency */ = {
			isa = PBXTargetDependency;
			target = 2EC9A36316DEB220007E39E2 /* iAdPlusAdMob */;
			targetProxy = 2EC9A39316DEB221007E39E2 /* PBXContainerItemProxy */;
		};
/* End PBXTargetDependency section */

/* Begin PBXVariantGroup section */
		2EC9A37116DEB220007E39E2 /* InfoPlist.strings */ = {
			isa = PBXVariantGroup;
			children = (
				2EC9A37216DEB220007E39E2 /* en */,
			);
			name = InfoPlist.strings;
			sourceTree = "<group>";
		};
		2EC9A38316DEB220007E39E2 /* ViewController_iPhone.xib */ = {
			isa = PBXVariantGroup;
			children = (
				2EC9A38416DEB220007E39E2 /* en */,
			);
			name = ViewController_iPhone.xib;
			sourceTree = "<group>";
		};
		2EC9A38616DEB220007E39E2 /* ViewController_iPad.xib */ = {
			isa = PBXVariantGroup;
			children = (
				2EC9A38716DEB220007E39E2 /* en */,
			);
			name = ViewController_iPad.xib;
			sourceTree = "<group>";
		};
		2EC9A39816DEB221007E39E2 /* InfoPlist.strings */ = {
			isa = PBXVariantGroup;
			children = (
				2EC9A39916DEB221007E39E2 /* en */,
			);
			name = InfoPlist.strings;
			sourceTree = "<group>";
		};
/* End PBXVariantGroup section */

/* Begin XCBuildConfiguration section */
		2EC9A39E16DEB221007E39E2 /* Debug */ = {
			isa = XCBuildConfiguration;
			buildSettings = {
				ALWAYS_SEARCH_USER_PATHS = NO;
				CLANG_CXX_LANGUAGE_STANDARD = "gnu++0x";
				CLANG_CXX_LIBRARY = "libc++";
				CLANG_ENABLE_OBJC_ARC = YES;
				CLANG_WARN_EMPTY_BODY = YES;
				CLANG_WARN__DUPLICATE_METHOD_MATCH = YES;
				"CODE_SIGN_IDENTITY[sdk=iphoneos*]" = "iPhone Developer";
				COPY_PHASE_STRIP = NO;
				GCC_C_LANGUAGE_STANDARD = gnu99;
				GCC_DYNAMIC_NO_PIC = NO;
				GCC_OPTIMIZATION_LEVEL = 0;
				GCC_PREPROCESSOR_DEFINITIONS = (
					"DEBUG=1",
					"$(inherited)",
				);
				GCC_SYMBOLS_PRIVATE_EXTERN = NO;
				GCC_WARN_ABOUT_RETURN_TYPE = YES;
				GCC_WARN_UNINITIALIZED_AUTOS = YES;
				GCC_WARN_UNUSED_VARIABLE = YES;
				IPHONEOS_DEPLOYMENT_TARGET = 6.0;
				ONLY_ACTIVE_ARCH = YES;
				OTHER_LDFLAGS = "-ObjC";
				SDKROOT = iphoneos;
				TARGETED_DEVICE_FAMILY = "1,2";
			};
			name = Debug;
		};
		2EC9A39F16DEB221007E39E2 /* Release */ = {
			isa = XCBuildConfiguration;
			buildSettings = {
				ALWAYS_SEARCH_USER_PATHS = NO;
				CLANG_CXX_LANGUAGE_STANDARD = "gnu++0x";
				CLANG_CXX_LIBRARY = "libc++";
				CLANG_ENABLE_OBJC_ARC = YES;
				CLANG_WARN_EMPTY_BODY = YES;
				CLANG_WARN__DUPLICATE_METHOD_MATCH = YES;
				"CODE_SIGN_IDENTITY[sdk=iphoneos*]" = "iPhone Developer";
				COPY_PHASE_STRIP = YES;
				GCC_C_LANGUAGE_STANDARD = gnu99;
				GCC_WARN_ABOUT_RETURN_TYPE = YES;
				GCC_WARN_UNINITIALIZED_AUTOS = YES;
				GCC_WARN_UNUSED_VARIABLE = YES;
				IPHONEOS_DEPLOYMENT_TARGET = 6.0;
				OTHER_CFLAGS = "-DNS_BLOCK_ASSERTIONS=1";
				OTHER_LDFLAGS = "-ObjC";
				SDKROOT = iphoneos;
				TARGETED_DEVICE_FAMILY = "1,2";
				VALIDATE_PRODUCT = YES;
			};
			name = Release;
		};
		2EC9A3A116DEB221007E39E2 /* Debug */ = {
			isa = XCBuildConfiguration;
			buildSettings = {
				GCC_PRECOMPILE_PREFIX_HEADER = YES;
				GCC_PREFIX_HEADER = "iAdPlusAdMob/iAdPlusAdMob-Prefix.pch";
				INFOPLIST_FILE = "iAdPlusAdMob/iAdPlusAdMob-Info.plist";
				LIBRARY_SEARCH_PATHS = (
					"$(inherited)",
					"\"$(SRCROOT)/../../GoogleAdMobAdsSdkiOS-6.3.0\"",
				);
				PRODUCT_NAME = "$(TARGET_NAME)";
				WRAPPER_EXTENSION = app;
			};
			name = Debug;
		};
		2EC9A3A216DEB221007E39E2 /* Release */ = {
			isa = XCBuildConfiguration;
			buildSettings = {
				GCC_PRECOMPILE_PREFIX_HEADER = YES;
				GCC_PREFIX_HEADER = "iAdPlusAdMob/iAdPlusAdMob-Prefix.pch";
				INFOPLIST_FILE = "iAdPlusAdMob/iAdPlusAdMob-Info.plist";
				LIBRARY_SEARCH_PATHS = (
					"$(inherited)",
					"\"$(SRCROOT)/../../GoogleAdMobAdsSdkiOS-6.3.0\"",
				);
				PRODUCT_NAME = "$(TARGET_NAME)";
				WRAPPER_EXTENSION = app;
			};
			name = Release;
		};
		2EC9A3A416DEB221007E39E2 /* Debug */ = {
			isa = XCBuildConfiguration;
			buildSettings = {
				BUNDLE_LOADER = "$(BUILT_PRODUCTS_DIR)/iAdPlusAdMob.app/iAdPlusAdMob";
				FRAMEWORK_SEARCH_PATHS = (
					"\"$(SDKROOT)/Developer/Library/Frameworks\"",
					"\"$(DEVELOPER_LIBRARY_DIR)/Frameworks\"",
				);
				GCC_PRECOMPILE_PREFIX_HEADER = YES;
				GCC_PREFIX_HEADER = "iAdPlusAdMob/iAdPlusAdMob-Prefix.pch";
				INFOPLIST_FILE = "iAdPlusAdMobTests/iAdPlusAdMobTests-Info.plist";
				PRODUCT_NAME = "$(TARGET_NAME)";
				TEST_HOST = "$(BUNDLE_LOADER)";
				WRAPPER_EXTENSION = octest;
			};
			name = Debug;
		};
		2EC9A3A516DEB221007E39E2 /* Release */ = {
			isa = XCBuildConfiguration;
			buildSettings = {
				BUNDLE_LOADER = "$(BUILT_PRODUCTS_DIR)/iAdPlusAdMob.app/iAdPlusAdMob";
				FRAMEWORK_SEARCH_PATHS = (
					"\"$(SDKROOT)/Developer/Library/Frameworks\"",
					"\"$(DEVELOPER_LIBRARY_DIR)/Frameworks\"",
				);
				GCC_PRECOMPILE_PREFIX_HEADER = YES;
				GCC_PREFIX_HEADER = "iAdPlusAdMob/iAdPlusAdMob-Prefix.pch";
				INFOPLIST_FILE = "iAdPlusAdMobTests/iAdPlusAdMobTests-Info.plist";
				PRODUCT_NAME = "$(TARGET_NAME)";
				TEST_HOST = "$(BUNDLE_LOADER)";
				WRAPPER_EXTENSION = octest;
			};
			name = Release;
		};
/* End XCBuildConfiguration section */

/* Begin XCConfigurationList section */
		2EC9A35E16DEB220007E39E2 /* Build configuration list for PBXProject "iAdPlusAdMob" */ = {
			isa = XCConfigurationList;
			buildConfigurations = (
				2EC9A39E16DEB221007E39E2 /* Debug */,
				2EC9A39F16DEB221007E39E2 /* Release */,
			);
			defaultConfigurationIsVisible = 0;
			defaultConfigurationName = Release;
		};
		2EC9A3A016DEB221007E39E2 /* Build configuration list for PBXNativeTarget "iAdPlusAdMob" */ = {
			isa = XCConfigurationList;
			buildConfigurations = (
				2EC9A3A116DEB221007E39E2 /* Debug */,
				2EC9A3A216DEB221007E39E2 /* Release */,
			);
			defaultConfigurationIsVisible = 0;
		};
		2EC9A3A316DEB221007E39E2 /* Build configuration list for PBXNativeTarget "iAdPlusAdMobTests" */ = {
			isa = XCConfigurationList;
			buildConfigurations = (
				2EC9A3A416DEB221007E39E2 /* Debug */,
				2EC9A3A516DEB221007E39E2 /* Release */,
			);
			defaultConfigurationIsVisible = 0;
		};
/* End XCConfigurationList section */
	};
	rootObject = 2EC9A35B16DEB220007E39E2 /* Project object */;
}
